
Microsoft Visual Studio Solution File, Format Version 12.00
# Visual Studio Version 17
VisualStudioVersion = 17.3.32929.385
MinimumVisualStudioVersion = 10.0.40219.1
Project("{FAE04EC0-301F-11D3-BF4B-00C04F79EFBC}") = "Assignment1", "Assignment1\Assignment1.csproj", "{8A4EA389-ECA9-48A8-935F-178B4C8AF014}"
EndProject
Global
	GlobalSection(SolutionConfigurationPlatforms) = preSolution
		Debug|Any CPU = Debug|Any CPU
		Release|Any CPU = Release|Any CPU
	EndGlobalSection
	GlobalSection(ProjectConfigurationPlatforms) = postSolution
		{8A4EA389-ECA9-48A8-935F-178B4C8AF014}.Debug|Any CPU.ActiveCfg = Debug|Any CPU
		{8A4EA389-ECA9-48A8-935F-178B4C8AF014}.Debug|Any CPU.Build.0 = Debug|Any CPU
		{8A4EA389-ECA9-48A8-935F-178B4C8AF014}.Release|Any CPU.ActiveCfg = Release|Any CPU
		{8A4EA389-ECA9-48A8-935F-178B4C8AF014}.Release|Any CPU.Build.0 = Release|Any CPU
	EndGlobalSection
	GlobalSection(SolutionProperties) = preSolution
		HideSolutionNode = FALSE
	EndGlobalSection
	GlobalSection(ExtensibilityGlobals) = postSolution
		SolutionGuid = {EE8D64E0-0D91-47FE-AED5-B13826ADE5EB}
	EndGlobalSection
EndGlobal
